
Microsoft Visual Studio Solution File, Format Version 12.00
# Visual Studio 15
VisualStudioVersion = 15.0.28307.1738
MinimumVisualStudioVersion = 10.0.40219.1
Project("{FAE04EC0-301F-11D3-BF4B-00C04F79EFBC}") = "DsiMq_IF", "DsiMq_IF\DsiMq_IF.csproj", "{B2B7A804-ACBD-4869-820E-CE008D5BFB06}"
EndProject
Global
	GlobalSection(SolutionConfigurationPlatforms) = preSolution
		Debug|Any CPU = Debug|Any CPU
		Release|Any CPU = Release|Any CPU
	EndGlobalSection
	GlobalSection(ProjectConfigurationPlatforms) = postSolution
		{B2B7A804-ACBD-4869-820E-CE008D5BFB06}.Debug|Any CPU.ActiveCfg = Debug|Any CPU
		{B2B7A804-ACBD-4869-820E-CE008D5BFB06}.Debug|Any CPU.Build.0 = Debug|Any CPU
		{B2B7A804-ACBD-4869-820E-CE008D5BFB06}.Release|Any CPU.ActiveCfg = Release|Any CPU
		{B2B7A804-ACBD-4869-820E-CE008D5BFB06}.Release|Any CPU.Build.0 = Release|Any CPU
	EndGlobalSection
	GlobalSection(SolutionProperties) = preSolution
		HideSolutionNode = FALSE
	EndGlobalSection
	GlobalSection(ExtensibilityGlobals) = postSolution
		SolutionGuid = {4381789C-FC57-4AE5-81B0-CC5148EB2F58}
	EndGlobalSection
EndGlobal
